// !$*UTF8*$!
{
	archiveVersion = 1;
	classes = {
	};
	objectVersion = 46;
	objects = {

/* Begin PBXBuildFile section */
		7E15720618E0C35B007DE1F6 /* CMRRectView.m in Sources */ = {isa = PBXBuildFile; fileRef = 7E15720518E0C35B007DE1F6 /* CMRRectView.m */; };
		7E15720918E47F70007DE1F6 /* CMRTableViewController.m in Sources */ = {isa = PBXBuildFile; fileRef = 7E15720818E47F70007DE1F6 /* CMRTableViewController.m */; };
		7E15720C18E74220007DE1F6 /* CMRReviewTableViewCell.m in Sources */ = {isa = PBXBuildFile; fileRef = 7E15720B18E74220007DE1F6 /* CMRReviewTableViewCell.m */; };
		7E15721018E78409007DE1F6 /* OverlayView.xib in Resources */ = {isa = PBXBuildFile; fileRef = 7E15720F18E78409007DE1F6 /* OverlayView.xib */; };
		7EA99AB718D8CADE00370E85 /* Foundation.framework in Frameworks */ = {isa = PBXBuildFile; fileRef = 7EA99AB618D8CADE00370E85 /* Foundation.framework */; };
		7EA99AB918D8CADE00370E85 /* CoreGraphics.framework in Frameworks */ = {isa = PBXBuildFile; fileRef = 7EA99AB818D8CADE00370E85 /* CoreGraphics.framework */; };
		7EA99ABB18D8CADE00370E85 /* UIKit.framework in Frameworks */ = {isa = PBXBuildFile; fileRef = 7EA99ABA18D8CADE00370E85 /* UIKit.framework */; };
		7EA99ABD18D8CADE00370E85 /* CoreData.framework in Frameworks */ = {isa = PBXBuildFile; fileRef = 7EA99ABC18D8CADE00370E85 /* CoreData.framework */; };
		7EA99AC318D8CADE00370E85 /* InfoPlist.strings in Resources */ = {isa = PBXBuildFile; fileRef = 7EA99AC118D8CADE00370E85 /* InfoPlist.strings */; };
		7EA99AC518D8CADE00370E85 /* main.m in Sources */ = {isa = PBXBuildFile; fileRef = 7EA99AC418D8CADE00370E85 /* main.m */; };
		7EA99AC918D8CADE00370E85 /* CMRAppDelegate.m in Sources */ = {isa = PBXBuildFile; fileRef = 7EA99AC818D8CADE00370E85 /* CMRAppDelegate.m */; };
		7EA99ACC18D8CADE00370E85 /* MenuReaderApp.xcdatamodeld in Sources */ = {isa = PBXBuildFile; fileRef = 7EA99ACA18D8CADE00370E85 /* MenuReaderApp.xcdatamodeld */; };
		7EA99ACE18D8CADF00370E85 /* Images.xcassets in Resources */ = {isa = PBXBuildFile; fileRef = 7EA99ACD18D8CADF00370E85 /* Images.xcassets */; };
		7EA99AD518D8CADF00370E85 /* XCTest.framework in Frameworks */ = {isa = PBXBuildFile; fileRef = 7EA99AD418D8CADF00370E85 /* XCTest.framework */; };
		7EA99AD618D8CADF00370E85 /* Foundation.framework in Frameworks */ = {isa = PBXBuildFile; fileRef = 7EA99AB618D8CADE00370E85 /* Foundation.framework */; };
		7EA99AD718D8CADF00370E85 /* UIKit.framework in Frameworks */ = {isa = PBXBuildFile; fileRef = 7EA99ABA18D8CADE00370E85 /* UIKit.framework */; };
		7EA99AD818D8CADF00370E85 /* CoreData.framework in Frameworks */ = {isa = PBXBuildFile; fileRef = 7EA99ABC18D8CADE00370E85 /* CoreData.framework */; };
		7EA99AE018D8CADF00370E85 /* InfoPlist.strings in Resources */ = {isa = PBXBuildFile; fileRef = 7EA99ADE18D8CADF00370E85 /* InfoPlist.strings */; };
		7EA99AE218D8CADF00370E85 /* MenuReaderAppTests.m in Sources */ = {isa = PBXBuildFile; fileRef = 7EA99AE118D8CADF00370E85 /* MenuReaderAppTests.m */; };
		7EA99AEC18D8CB8500370E85 /* Storyboard.storyboard in Resources */ = {isa = PBXBuildFile; fileRef = 7EA99AEB18D8CB8500370E85 /* Storyboard.storyboard */; };
		7EA99AF018D8D2B800370E85 /* CMRViewController.m in Sources */ = {isa = PBXBuildFile; fileRef = 7EA99AEE18D8D2B800370E85 /* CMRViewController.m */; };
		7EA99AFD18DCB28C00370E85 /* CMRDishViewController.xib in Resources */ = {isa = PBXBuildFile; fileRef = 7EA99AFB18DCB28C00370E85 /* CMRDishViewController.xib */; };
		7EF6EACF18EC6B1C0003C679 /* CMRJSONParser.m in Sources */ = {isa = PBXBuildFile; fileRef = 7EF6EACE18EC6B1C0003C679 /* CMRJSONParser.m */; };
		7EF6EAD218EC7EAD0003C679 /* CMRSection.m in Sources */ = {isa = PBXBuildFile; fileRef = 7EF6EAD118EC7EAD0003C679 /* CMRSection.m */; };
		7EF6EAD518EC7F030003C679 /* CMRImage.m in Sources */ = {isa = PBXBuildFile; fileRef = 7EF6EAD418EC7F030003C679 /* CMRImage.m */; };
		7EF6EAD818EC80C20003C679 /* CMRDish.m in Sources */ = {isa = PBXBuildFile; fileRef = 7EF6EAD718EC80C20003C679 /* CMRDish.m */; };
		7EF6EADB18EC870B0003C679 /* CMRReview.m in Sources */ = {isa = PBXBuildFile; fileRef = 7EF6EADA18EC870B0003C679 /* CMRReview.m */; };
		7EF6EADE18EC91450003C679 /* CMRTag.m in Sources */ = {isa = PBXBuildFile; fileRef = 7EF6EADD18EC91450003C679 /* CMRTag.m */; };
		7EF6EAE118EC920B0003C679 /* CMRTranslation.m in Sources */ = {isa = PBXBuildFile; fileRef = 7EF6EAE018EC920B0003C679 /* CMRTranslation.m */; };
		7EF6EAE418EC92FF0003C679 /* CMRSimilar.m in Sources */ = {isa = PBXBuildFile; fileRef = 7EF6EAE318EC92FF0003C679 /* CMRSimilar.m */; };
		7EF6EAE818ECB53D0003C679 /* CMRDishTableViewCell.m in Sources */ = {isa = PBXBuildFile; fileRef = 7EF6EAE718ECB53D0003C679 /* CMRDishTableViewCell.m */; };
		7EF6EAEC18EDC16C0003C679 /* CMRSearchTableViewController.m in Sources */ = {isa = PBXBuildFile; fileRef = 7EF6EAEB18EDC16C0003C679 /* CMRSearchTableViewController.m */; };
/* End PBXBuildFile section */

/* Begin PBXContainerItemProxy section */
		7EA99AD918D8CADF00370E85 /* PBXContainerItemProxy */ = {
			isa = PBXContainerItemProxy;
			containerPortal = 7EA99AAB18D8CADE00370E85 /* Project object */;
			proxyType = 1;
			remoteGlobalIDString = 7EA99AB218D8CADE00370E85;
			remoteInfo = MenuReaderApp;
		};
/* End PBXContainerItemProxy section */

/* Begin PBXFileReference section */
		7E15720418E0C35B007DE1F6 /* CMRRectView.h */ = {isa = PBXFileReference; fileEncoding = 4; lastKnownFileType = sourcecode.c.h; path = CMRRectView.h; sourceTree = "<group>"; };
		7E15720518E0C35B007DE1F6 /* CMRRectView.m */ = {isa = PBXFileReference; fileEncoding = 4; lastKnownFileType = sourcecode.c.objc; path = CMRRectView.m; sourceTree = "<group>"; };
		7E15720718E47F6F007DE1F6 /* CMRTableViewController.h */ = {isa = PBXFileReference; fileEncoding = 4; lastKnownFileType = sourcecode.c.h; path = CMRTableViewController.h; sourceTree = "<group>"; };
		7E15720818E47F70007DE1F6 /* CMRTableViewController.m */ = {isa = PBXFileReference; fileEncoding = 4; lastKnownFileType = sourcecode.c.objc; path = CMRTableViewController.m; sourceTree = "<group>"; };
		7E15720A18E74220007DE1F6 /* CMRReviewTableViewCell.h */ = {isa = PBXFileReference; fileEncoding = 4; lastKnownFileType = sourcecode.c.h; path = CMRReviewTableViewCell.h; sourceTree = "<group>"; };
		7E15720B18E74220007DE1F6 /* CMRReviewTableViewCell.m */ = {isa = PBXFileReference; fileEncoding = 4; lastKnownFileType = sourcecode.c.objc; path = CMRReviewTableViewCell.m; sourceTree = "<group>"; };
		7E15720F18E78409007DE1F6 /* OverlayView.xib */ = {isa = PBXFileReference; fileEncoding = 4; lastKnownFileType = file.xib; name = OverlayView.xib; path = ../OverlayView.xib; sourceTree = "<group>"; };
		7EA99AB318D8CADE00370E85 /* MenuReaderApp.app */ = {isa = PBXFileReference; explicitFileType = wrapper.application; includeInIndex = 0; name = MenuReaderApp.app; path = "Menu Reader.app"; sourceTree = BUILT_PRODUCTS_DIR; };
		7EA99AB618D8CADE00370E85 /* Foundation.framework */ = {isa = PBXFileReference; lastKnownFileType = wrapper.framework; name = Foundation.framework; path = System/Library/Frameworks/Foundation.framework; sourceTree = SDKROOT; };
		7EA99AB818D8CADE00370E85 /* CoreGraphics.framework */ = {isa = PBXFileReference; lastKnownFileType = wrapper.framework; name = CoreGraphics.framework; path = System/Library/Frameworks/CoreGraphics.framework; sourceTree = SDKROOT; };
		7EA99ABA18D8CADE00370E85 /* UIKit.framework */ = {isa = PBXFileReference; lastKnownFileType = wrapper.framework; name = UIKit.framework; path = System/Library/Frameworks/UIKit.framework; sourceTree = SDKROOT; };
		7EA99ABC18D8CADE00370E85 /* CoreData.framework */ = {isa = PBXFileReference; lastKnownFileType = wrapper.framework; name = CoreData.framework; path = System/Library/Frameworks/CoreData.framework; sourceTree = SDKROOT; };
		7EA99AC018D8CADE00370E85 /* MenuReaderApp-Info.plist */ = {isa = PBXFileReference; lastKnownFileType = text.plist.xml; path = "MenuReaderApp-Info.plist"; sourceTree = "<group>"; };
		7EA99AC218D8CADE00370E85 /* en */ = {isa = PBXFileReference; lastKnownFileType = text.plist.strings; name = en; path = en.lproj/InfoPlist.strings; sourceTree = "<group>"; };
		7EA99AC418D8CADE00370E85 /* main.m */ = {isa = PBXFileReference; lastKnownFileType = sourcecode.c.objc; path = main.m; sourceTree = "<group>"; };
		7EA99AC618D8CADE00370E85 /* MenuReaderApp-Prefix.pch */ = {isa = PBXFileReference; lastKnownFileType = sourcecode.c.h; path = "MenuReaderApp-Prefix.pch"; sourceTree = "<group>"; };
		7EA99AC718D8CADE00370E85 /* CMRAppDelegate.h */ = {isa = PBXFileReference; lastKnownFileType = sourcecode.c.h; path = CMRAppDelegate.h; sourceTree = "<group>"; };
		7EA99AC818D8CADE00370E85 /* CMRAppDelegate.m */ = {isa = PBXFileReference; lastKnownFileType = sourcecode.c.objc; path = CMRAppDelegate.m; sourceTree = "<group>"; };
		7EA99ACB18D8CADE00370E85 /* MenuReaderApp.xcdatamodel */ = {isa = PBXFileReference; lastKnownFileType = wrapper.xcdatamodel; path = MenuReaderApp.xcdatamodel; sourceTree = "<group>"; };
		7EA99ACD18D8CADF00370E85 /* Images.xcassets */ = {isa = PBXFileReference; lastKnownFileType = folder.assetcatalog; path = Images.xcassets; sourceTree = "<group>"; };
		7EA99AD318D8CADF00370E85 /* MenuReaderAppTests.xctest */ = {isa = PBXFileReference; explicitFileType = wrapper.cfbundle; includeInIndex = 0; path = MenuReaderAppTests.xctest; sourceTree = BUILT_PRODUCTS_DIR; };
		7EA99AD418D8CADF00370E85 /* XCTest.framework */ = {isa = PBXFileReference; lastKnownFileType = wrapper.framework; name = XCTest.framework; path = Library/Frameworks/XCTest.framework; sourceTree = DEVELOPER_DIR; };
		7EA99ADD18D8CADF00370E85 /* MenuReaderAppTests-Info.plist */ = {isa = PBXFileReference; lastKnownFileType = text.plist.xml; path = "MenuReaderAppTests-Info.plist"; sourceTree = "<group>"; };
		7EA99ADF18D8CADF00370E85 /* en */ = {isa = PBXFileReference; lastKnownFileType = text.plist.strings; name = en; path = en.lproj/InfoPlist.strings; sourceTree = "<group>"; };
		7EA99AE118D8CADF00370E85 /* MenuReaderAppTests.m */ = {isa = PBXFileReference; lastKnownFileType = sourcecode.c.objc; path = MenuReaderAppTests.m; sourceTree = "<group>"; };
		7EA99AEB18D8CB8500370E85 /* Storyboard.storyboard */ = {isa = PBXFileReference; fileEncoding = 4; lastKnownFileType = file.storyboard; path = Storyboard.storyboard; sourceTree = "<group>"; };
		7EA99AED18D8D2B700370E85 /* CMRViewController.h */ = {isa = PBXFileReference; fileEncoding = 4; lastKnownFileType = sourcecode.c.h; path = CMRViewController.h; sourceTree = "<group>"; };
		7EA99AEE18D8D2B800370E85 /* CMRViewController.m */ = {isa = PBXFileReference; fileEncoding = 4; lastKnownFileType = sourcecode.c.objc; path = CMRViewController.m; sourceTree = "<group>"; };
		7EA99AFB18DCB28C00370E85 /* CMRDishViewController.xib */ = {isa = PBXFileReference; fileEncoding = 4; lastKnownFileType = file.xib; path = CMRDishViewController.xib; sourceTree = "<group>"; };
		7ED34D4118EDDB4900ED3F27 /* Server.h */ = {isa = PBXFileReference; lastKnownFileType = sourcecode.c.h; path = Server.h; sourceTree = "<group>"; };
		7EF6EACD18EC6B1C0003C679 /* CMRJSONParser.h */ = {isa = PBXFileReference; fileEncoding = 4; lastKnownFileType = sourcecode.c.h; path = CMRJSONParser.h; sourceTree = "<group>"; };
		7EF6EACE18EC6B1C0003C679 /* CMRJSONParser.m */ = {isa = PBXFileReference; fileEncoding = 4; lastKnownFileType = sourcecode.c.objc; path = CMRJSONParser.m; sourceTree = "<group>"; };
		7EF6EAD018EC7EAC0003C679 /* CMRSection.h */ = {isa = PBXFileReference; fileEncoding = 4; lastKnownFileType = sourcecode.c.h; path = CMRSection.h; sourceTree = "<group>"; };
		7EF6EAD118EC7EAD0003C679 /* CMRSection.m */ = {isa = PBXFileReference; fileEncoding = 4; lastKnownFileType = sourcecode.c.objc; path = CMRSection.m; sourceTree = "<group>"; };
		7EF6EAD318EC7F030003C679 /* CMRImage.h */ = {isa = PBXFileReference; fileEncoding = 4; lastKnownFileType = sourcecode.c.h; path = CMRImage.h; sourceTree = "<group>"; };
		7EF6EAD418EC7F030003C679 /* CMRImage.m */ = {isa = PBXFileReference; fileEncoding = 4; lastKnownFileType = sourcecode.c.objc; path = CMRImage.m; sourceTree = "<group>"; };
		7EF6EAD618EC80C20003C679 /* CMRDish.h */ = {isa = PBXFileReference; fileEncoding = 4; lastKnownFileType = sourcecode.c.h; path = CMRDish.h; sourceTree = "<group>"; };
		7EF6EAD718EC80C20003C679 /* CMRDish.m */ = {isa = PBXFileReference; fileEncoding = 4; lastKnownFileType = sourcecode.c.objc; path = CMRDish.m; sourceTree = "<group>"; };
		7EF6EAD918EC870B0003C679 /* CMRReview.h */ = {isa = PBXFileReference; fileEncoding = 4; lastKnownFileType = sourcecode.c.h; path = CMRReview.h; sourceTree = "<group>"; };
		7EF6EADA18EC870B0003C679 /* CMRReview.m */ = {isa = PBXFileReference; fileEncoding = 4; lastKnownFileType = sourcecode.c.objc; path = CMRReview.m; sourceTree = "<group>"; };
		7EF6EADC18EC91450003C679 /* CMRTag.h */ = {isa = PBXFileReference; fileEncoding = 4; lastKnownFileType = sourcecode.c.h; path = CMRTag.h; sourceTree = "<group>"; };
		7EF6EADD18EC91450003C679 /* CMRTag.m */ = {isa = PBXFileReference; fileEncoding = 4; lastKnownFileType = sourcecode.c.objc; path = CMRTag.m; sourceTree = "<group>"; };
		7EF6EADF18EC920B0003C679 /* CMRTranslation.h */ = {isa = PBXFileReference; fileEncoding = 4; lastKnownFileType = sourcecode.c.h; path = CMRTranslation.h; sourceTree = "<group>"; };
		7EF6EAE018EC920B0003C679 /* CMRTranslation.m */ = {isa = PBXFileReference; fileEncoding = 4; lastKnownFileType = sourcecode.c.objc; path = CMRTranslation.m; sourceTree = "<group>"; };
		7EF6EAE218EC92FF0003C679 /* CMRSimilar.h */ = {isa = PBXFileReference; fileEncoding = 4; lastKnownFileType = sourcecode.c.h; path = CMRSimilar.h; sourceTree = "<group>"; };
		7EF6EAE318EC92FF0003C679 /* CMRSimilar.m */ = {isa = PBXFileReference; fileEncoding = 4; lastKnownFileType = sourcecode.c.objc; path = CMRSimilar.m; sourceTree = "<group>"; };
		7EF6EAE618ECB53D0003C679 /* CMRDishTableViewCell.h */ = {isa = PBXFileReference; fileEncoding = 4; lastKnownFileType = sourcecode.c.h; path = CMRDishTableViewCell.h; sourceTree = "<group>"; };
		7EF6EAE718ECB53D0003C679 /* CMRDishTableViewCell.m */ = {isa = PBXFileReference; fileEncoding = 4; lastKnownFileType = sourcecode.c.objc; path = CMRDishTableViewCell.m; sourceTree = "<group>"; };
		7EF6EAEA18EDC16C0003C679 /* CMRSearchTableViewController.h */ = {isa = PBXFileReference; fileEncoding = 4; lastKnownFileType = sourcecode.c.h; path = CMRSearchTableViewController.h; sourceTree = "<group>"; };
		7EF6EAEB18EDC16C0003C679 /* CMRSearchTableViewController.m */ = {isa = PBXFileReference; fileEncoding = 4; lastKnownFileType = sourcecode.c.objc; path = CMRSearchTableViewController.m; sourceTree = "<group>"; };
/* End PBXFileReference section */

/* Begin PBXFrameworksBuildPhase section */
		7EA99AB018D8CADE00370E85 /* Frameworks */ = {
			isa = PBXFrameworksBuildPhase;
			buildActionMask = 2147483647;
			files = (
				7EA99AB918D8CADE00370E85 /* CoreGraphics.framework in Frameworks */,
				7EA99ABD18D8CADE00370E85 /* CoreData.framework in Frameworks */,
				7EA99ABB18D8CADE00370E85 /* UIKit.framework in Frameworks */,
				7EA99AB718D8CADE00370E85 /* Foundation.framework in Frameworks */,
			);
			runOnlyForDeploymentPostprocessing = 0;
		};
		7EA99AD018D8CADF00370E85 /* Frameworks */ = {
			isa = PBXFrameworksBuildPhase;
			buildActionMask = 2147483647;
			files = (
				7EA99AD518D8CADF00370E85 /* XCTest.framework in Frameworks */,
				7EA99AD818D8CADF00370E85 /* CoreData.framework in Frameworks */,
				7EA99AD718D8CADF00370E85 /* UIKit.framework in Frameworks */,
				7EA99AD618D8CADF00370E85 /* Foundation.framework in Frameworks */,
			);
			runOnlyForDeploymentPostprocessing = 0;
		};
/* End PBXFrameworksBuildPhase section */

/* Begin PBXGroup section */
		7EA99AAA18D8CADE00370E85 = {
			isa = PBXGroup;
			children = (
				7ED34D4118EDDB4900ED3F27 /* Server.h */,
				7EA99ABE18D8CADE00370E85 /* MenuReaderApp */,
				7EA99ADB18D8CADF00370E85 /* MenuReaderAppTests */,
				7EA99AB518D8CADE00370E85 /* Frameworks */,
				7EA99AB418D8CADE00370E85 /* Products */,
			);
			sourceTree = "<group>";
		};
		7EA99AB418D8CADE00370E85 /* Products */ = {
			isa = PBXGroup;
			children = (
				7EA99AB318D8CADE00370E85 /* MenuReaderApp.app */,
				7EA99AD318D8CADF00370E85 /* MenuReaderAppTests.xctest */,
			);
			name = Products;
			sourceTree = "<group>";
		};
		7EA99AB518D8CADE00370E85 /* Frameworks */ = {
			isa = PBXGroup;
			children = (
				7EA99AB618D8CADE00370E85 /* Foundation.framework */,
				7EA99AB818D8CADE00370E85 /* CoreGraphics.framework */,
				7EA99ABA18D8CADE00370E85 /* UIKit.framework */,
				7EA99ABC18D8CADE00370E85 /* CoreData.framework */,
				7EA99AD418D8CADF00370E85 /* XCTest.framework */,
			);
			name = Frameworks;
			sourceTree = "<group>";
		};
		7EA99ABE18D8CADE00370E85 /* MenuReaderApp */ = {
			isa = PBXGroup;
			children = (
				7E15720F18E78409007DE1F6 /* OverlayView.xib */,
				7EA99AC718D8CADE00370E85 /* CMRAppDelegate.h */,
				7EA99AED18D8D2B700370E85 /* CMRViewController.h */,
				7EA99AEE18D8D2B800370E85 /* CMRViewController.m */,
				7EF6EAEA18EDC16C0003C679 /* CMRSearchTableViewController.h */,
				7EF6EAEB18EDC16C0003C679 /* CMRSearchTableViewController.m */,
				7E15720418E0C35B007DE1F6 /* CMRRectView.h */,
				7E15720518E0C35B007DE1F6 /* CMRRectView.m */,
				7EA99AC818D8CADE00370E85 /* CMRAppDelegate.m */,
				7EA99AEB18D8CB8500370E85 /* Storyboard.storyboard */,
				7E15720718E47F6F007DE1F6 /* CMRTableViewController.h */,
				7E15720818E47F70007DE1F6 /* CMRTableViewController.m */,
				7EF6EAE518EC97320003C679 /* Model */,
				7EF6EAE918ECF91B0003C679 /* TableViewCells */,
				7EA99AFB18DCB28C00370E85 /* CMRDishViewController.xib */,
				7EA99ACD18D8CADF00370E85 /* Images.xcassets */,
				7EA99ACA18D8CADE00370E85 /* MenuReaderApp.xcdatamodeld */,
				7EA99ABF18D8CADE00370E85 /* Supporting Files */,
			);
			path = MenuReaderApp;
			sourceTree = "<group>";
		};
		7EA99ABF18D8CADE00370E85 /* Supporting Files */ = {
			isa = PBXGroup;
			children = (
				7EA99AC018D8CADE00370E85 /* MenuReaderApp-Info.plist */,
				7EA99AC118D8CADE00370E85 /* InfoPlist.strings */,
				7EA99AC418D8CADE00370E85 /* main.m */,
				7EA99AC618D8CADE00370E85 /* MenuReaderApp-Prefix.pch */,
			);
			name = "Supporting Files";
			sourceTree = "<group>";
		};
		7EA99ADB18D8CADF00370E85 /* MenuReaderAppTests */ = {
			isa = PBXGroup;
			children = (
				7EA99AE118D8CADF00370E85 /* MenuReaderAppTests.m */,
				7EA99ADC18D8CADF00370E85 /* Supporting Files */,
			);
			path = MenuReaderAppTests;
			sourceTree = "<group>";
		};
		7EA99ADC18D8CADF00370E85 /* Supporting Files */ = {
			isa = PBXGroup;
			children = (
				7EA99ADD18D8CADF00370E85 /* MenuReaderAppTests-Info.plist */,
				7EA99ADE18D8CADF00370E85 /* InfoPlist.strings */,
			);
			name = "Supporting Files";
			sourceTree = "<group>";
		};
		7EF6EAE518EC97320003C679 /* Model */ = {
			isa = PBXGroup;
			children = (
				7EF6EACD18EC6B1C0003C679 /* CMRJSONParser.h */,
				7EF6EACE18EC6B1C0003C679 /* CMRJSONParser.m */,
				7EF6EAE218EC92FF0003C679 /* CMRSimilar.h */,
				7EF6EAE318EC92FF0003C679 /* CMRSimilar.m */,
				7EF6EADF18EC920B0003C679 /* CMRTranslation.h */,
				7EF6EAE018EC920B0003C679 /* CMRTranslation.m */,
				7EF6EADC18EC91450003C679 /* CMRTag.h */,
				7EF6EADD18EC91450003C679 /* CMRTag.m */,
				7EF6EAD918EC870B0003C679 /* CMRReview.h */,
				7EF6EADA18EC870B0003C679 /* CMRReview.m */,
				7EF6EAD618EC80C20003C679 /* CMRDish.h */,
				7EF6EAD718EC80C20003C679 /* CMRDish.m */,
				7EF6EAD018EC7EAC0003C679 /* CMRSection.h */,
				7EF6EAD318EC7F030003C679 /* CMRImage.h */,
				7EF6EAD418EC7F030003C679 /* CMRImage.m */,
				7EF6EAD118EC7EAD0003C679 /* CMRSection.m */,
			);
			name = Model;
			sourceTree = "<group>";
		};
		7EF6EAE918ECF91B0003C679 /* TableViewCells */ = {
			isa = PBXGroup;
			children = (
				7EF6EAE618ECB53D0003C679 /* CMRDishTableViewCell.h */,
				7EF6EAE718ECB53D0003C679 /* CMRDishTableViewCell.m */,
				7E15720B18E74220007DE1F6 /* CMRReviewTableViewCell.m */,
				7E15720A18E74220007DE1F6 /* CMRReviewTableViewCell.h */,
			);
			name = TableViewCells;
			sourceTree = "<group>";
		};
/* End PBXGroup section */

/* Begin PBXNativeTarget section */
		7EA99AB218D8CADE00370E85 /* Menu Reader */ = {
			isa = PBXNativeTarget;
			buildConfigurationList = 7EA99AE518D8CADF00370E85 /* Build configuration list for PBXNativeTarget "Menu Reader" */;
			buildPhases = (
				7EA99AAF18D8CADE00370E85 /* Sources */,
				7EA99AB018D8CADE00370E85 /* Frameworks */,
				7EA99AB118D8CADE00370E85 /* Resources */,
			);
			buildRules = (
			);
			dependencies = (
			);
			name = "Menu Reader";
			productName = MenuReaderApp;
			productReference = 7EA99AB318D8CADE00370E85 /* MenuReaderApp.app */;
			productType = "com.apple.product-type.application";
		};
		7EA99AD218D8CADF00370E85 /* MenuReaderAppTests */ = {
			isa = PBXNativeTarget;
			buildConfigurationList = 7EA99AE818D8CADF00370E85 /* Build configuration list for PBXNativeTarget "MenuReaderAppTests" */;
			buildPhases = (
				7EA99ACF18D8CADF00370E85 /* Sources */,
				7EA99AD018D8CADF00370E85 /* Frameworks */,
				7EA99AD118D8CADF00370E85 /* Resources */,
			);
			buildRules = (
			);
			dependencies = (
				7EA99ADA18D8CADF00370E85 /* PBXTargetDependency */,
			);
			name = MenuReaderAppTests;
			productName = MenuReaderAppTests;
			productReference = 7EA99AD318D8CADF00370E85 /* MenuReaderAppTests.xctest */;
			productType = "com.apple.product-type.bundle.unit-test";
		};
/* End PBXNativeTarget section */

/* Begin PBXProject section */
		7EA99AAB18D8CADE00370E85 /* Project object */ = {
			isa = PBXProject;
			attributes = {
				CLASSPREFIX = CMR;
				LastUpgradeCheck = 0510;
				ORGANIZATIONNAME = "___FULLUSERNAME___";
				TargetAttributes = {
					7EA99AB218D8CADE00370E85 = {
						DevelopmentTeam = RC6K568TV4;
					};
					7EA99AD218D8CADF00370E85 = {
						TestTargetID = 7EA99AB218D8CADE00370E85;
					};
				};
			};
			buildConfigurationList = 7EA99AAE18D8CADE00370E85 /* Build configuration list for PBXProject "Menu Reader" */;
			compatibilityVersion = "Xcode 3.2";
			developmentRegion = English;
			hasScannedForEncodings = 0;
			knownRegions = (
				en,
			);
			mainGroup = 7EA99AAA18D8CADE00370E85;
			productRefGroup = 7EA99AB418D8CADE00370E85 /* Products */;
			projectDirPath = "";
			projectRoot = "";
			targets = (
				7EA99AB218D8CADE00370E85 /* Menu Reader */,
				7EA99AD218D8CADF00370E85 /* MenuReaderAppTests */,
			);
		};
/* End PBXProject section */

/* Begin PBXResourcesBuildPhase section */
		7EA99AB118D8CADE00370E85 /* Resources */ = {
			isa = PBXResourcesBuildPhase;
			buildActionMask = 2147483647;
			files = (
				7EA99AC318D8CADE00370E85 /* InfoPlist.strings in Resources */,
				7EA99AFD18DCB28C00370E85 /* CMRDishViewController.xib in Resources */,
				7E15721018E78409007DE1F6 /* OverlayView.xib in Resources */,
				7EA99ACE18D8CADF00370E85 /* Images.xcassets in Resources */,
				7EA99AEC18D8CB8500370E85 /* Storyboard.storyboard in Resources */,
			);
			runOnlyForDeploymentPostprocessing = 0;
		};
		7EA99AD118D8CADF00370E85 /* Resources */ = {
			isa = PBXResourcesBuildPhase;
			buildActionMask = 2147483647;
			files = (
				7EA99AE018D8CADF00370E85 /* InfoPlist.strings in Resources */,
			);
			runOnlyForDeploymentPostprocessing = 0;
		};
/* End PBXResourcesBuildPhase section */

/* Begin PBXSourcesBuildPhase section */
		7EA99AAF18D8CADE00370E85 /* Sources */ = {
			isa = PBXSourcesBuildPhase;
			buildActionMask = 2147483647;
			files = (
				7EA99ACC18D8CADE00370E85 /* MenuReaderApp.xcdatamodeld in Sources */,
				7EA99AC518D8CADE00370E85 /* main.m in Sources */,
				7EF6EADB18EC870B0003C679 /* CMRReview.m in Sources */,
				7EA99AC918D8CADE00370E85 /* CMRAppDelegate.m in Sources */,
				7EF6EAE118EC920B0003C679 /* CMRTranslation.m in Sources */,
				7EF6EACF18EC6B1C0003C679 /* CMRJSONParser.m in Sources */,
				7EF6EAD218EC7EAD0003C679 /* CMRSection.m in Sources */,
				7EF6EAEC18EDC16C0003C679 /* CMRSearchTableViewController.m in Sources */,
				7EA99AF018D8D2B800370E85 /* CMRViewController.m in Sources */,
				7EF6EAD518EC7F030003C679 /* CMRImage.m in Sources */,
				7EF6EAE418EC92FF0003C679 /* CMRSimilar.m in Sources */,
				7E15720918E47F70007DE1F6 /* CMRTableViewController.m in Sources */,
				7E15720C18E74220007DE1F6 /* CMRReviewTableViewCell.m in Sources */,
				7EF6EAD818EC80C20003C679 /* CMRDish.m in Sources */,
				7E15720618E0C35B007DE1F6 /* CMRRectView.m in Sources */,
				7EF6EAE818ECB53D0003C679 /* CMRDishTableViewCell.m in Sources */,
				7EF6EADE18EC91450003C679 /* CMRTag.m in Sources */,
			);
			runOnlyForDeploymentPostprocessing = 0;
		};
		7EA99ACF18D8CADF00370E85 /* Sources */ = {
			isa = PBXSourcesBuildPhase;
			buildActionMask = 2147483647;
			files = (
				7EA99AE218D8CADF00370E85 /* MenuReaderAppTests.m in Sources */,
			);
			runOnlyForDeploymentPostprocessing = 0;
		};
/* End PBXSourcesBuildPhase section */

/* Begin PBXTargetDependency section */
		7EA99ADA18D8CADF00370E85 /* PBXTargetDependency */ = {
			isa = PBXTargetDependency;
			target = 7EA99AB218D8CADE00370E85 /* Menu Reader */;
			targetProxy = 7EA99AD918D8CADF00370E85 /* PBXContainerItemProxy */;
		};
/* End PBXTargetDependency section */

/* Begin PBXVariantGroup section */
		7EA99AC118D8CADE00370E85 /* InfoPlist.strings */ = {
			isa = PBXVariantGroup;
			children = (
				7EA99AC218D8CADE00370E85 /* en */,
			);
			name = InfoPlist.strings;
			sourceTree = "<group>";
		};
		7EA99ADE18D8CADF00370E85 /* InfoPlist.strings */ = {
			isa = PBXVariantGroup;
			children = (
				7EA99ADF18D8CADF00370E85 /* en */,
			);
			name = InfoPlist.strings;
			sourceTree = "<group>";
		};
/* End PBXVariantGroup section */

/* Begin XCBuildConfiguration section */
		7EA99AE318D8CADF00370E85 /* Debug */ = {
			isa = XCBuildConfiguration;
			buildSettings = {
				ALWAYS_SEARCH_USER_PATHS = NO;
				CLANG_CXX_LANGUAGE_STANDARD = "gnu++0x";
				CLANG_CXX_LIBRARY = "libc++";
				CLANG_ENABLE_MODULES = YES;
				CLANG_ENABLE_OBJC_ARC = YES;
				CLANG_WARN_BOOL_CONVERSION = YES;
				CLANG_WARN_CONSTANT_CONVERSION = YES;
				CLANG_WARN_DIRECT_OBJC_ISA_USAGE = YES_ERROR;
				CLANG_WARN_EMPTY_BODY = YES;
				CLANG_WARN_ENUM_CONVERSION = YES;
				CLANG_WARN_INT_CONVERSION = YES;
				CLANG_WARN_OBJC_ROOT_CLASS = YES_ERROR;
				CLANG_WARN__DUPLICATE_METHOD_MATCH = YES;
				"CODE_SIGN_IDENTITY[sdk=iphoneos*]" = "iPhone Developer";
				COPY_PHASE_STRIP = NO;
				GCC_C_LANGUAGE_STANDARD = gnu99;
				GCC_DYNAMIC_NO_PIC = NO;
				GCC_OPTIMIZATION_LEVEL = 0;
				GCC_PREPROCESSOR_DEFINITIONS = (
					"DEBUG=1",
					"$(inherited)",
				);
				GCC_SYMBOLS_PRIVATE_EXTERN = NO;
				GCC_WARN_64_TO_32_BIT_CONVERSION = YES;
				GCC_WARN_ABOUT_RETURN_TYPE = YES_ERROR;
				GCC_WARN_UNDECLARED_SELECTOR = YES;
				GCC_WARN_UNINITIALIZED_AUTOS = YES_AGGRESSIVE;
				GCC_WARN_UNUSED_FUNCTION = YES;
				GCC_WARN_UNUSED_VARIABLE = YES;
				IPHONEOS_DEPLOYMENT_TARGET = 7.1;
				ONLY_ACTIVE_ARCH = YES;
				SDKROOT = iphoneos;
			};
			name = Debug;
		};
		7EA99AE418D8CADF00370E85 /* Release */ = {
			isa = XCBuildConfiguration;
			buildSettings = {
				ALWAYS_SEARCH_USER_PATHS = NO;
				CLANG_CXX_LANGUAGE_STANDARD = "gnu++0x";
				CLANG_CXX_LIBRARY = "libc++";
				CLANG_ENABLE_MODULES = YES;
				CLANG_ENABLE_OBJC_ARC = YES;
				CLANG_WARN_BOOL_CONVERSION = YES;
				CLANG_WARN_CONSTANT_CONVERSION = YES;
				CLANG_WARN_DIRECT_OBJC_ISA_USAGE = YES_ERROR;
				CLANG_WARN_EMPTY_BODY = YES;
				CLANG_WARN_ENUM_CONVERSION = YES;
				CLANG_WARN_INT_CONVERSION = YES;
				CLANG_WARN_OBJC_ROOT_CLASS = YES_ERROR;
				CLANG_WARN__DUPLICATE_METHOD_MATCH = YES;
				"CODE_SIGN_IDENTITY[sdk=iphoneos*]" = "iPhone Developer";
				COPY_PHASE_STRIP = YES;
				ENABLE_NS_ASSERTIONS = NO;
				GCC_C_LANGUAGE_STANDARD = gnu99;
				GCC_WARN_64_TO_32_BIT_CONVERSION = YES;
				GCC_WARN_ABOUT_RETURN_TYPE = YES_ERROR;
				GCC_WARN_UNDECLARED_SELECTOR = YES;
				GCC_WARN_UNINITIALIZED_AUTOS = YES_AGGRESSIVE;
				GCC_WARN_UNUSED_FUNCTION = YES;
				GCC_WARN_UNUSED_VARIABLE = YES;
				IPHONEOS_DEPLOYMENT_TARGET = 7.1;
				SDKROOT = iphoneos;
				VALIDATE_PRODUCT = YES;
			};
			name = Release;
		};
		7EA99AE618D8CADF00370E85 /* Debug */ = {
			isa = XCBuildConfiguration;
			buildSettings = {
				ASSETCATALOG_COMPILER_APPICON_NAME = CMRAppIcon;
				ASSETCATALOG_COMPILER_LAUNCHIMAGE_NAME = LaunchImage;
				CODE_SIGN_IDENTITY = "iPhone Developer";
				GCC_PRECOMPILE_PREFIX_HEADER = YES;
				GCC_PREFIX_HEADER = "MenuReaderApp/MenuReaderApp-Prefix.pch";
				INFOPLIST_FILE = "MenuReaderApp/MenuReaderApp-Info.plist";
				PRODUCT_NAME = "$(TARGET_NAME)";
				WRAPPER_EXTENSION = app;
			};
			name = Debug;
		};
		7EA99AE718D8CADF00370E85 /* Release */ = {
			isa = XCBuildConfiguration;
			buildSettings = {
				ASSETCATALOG_COMPILER_APPICON_NAME = CMRAppIcon;
				ASSETCATALOG_COMPILER_LAUNCHIMAGE_NAME = LaunchImage;
				CODE_SIGN_IDENTITY = "iPhone Developer";
				GCC_PRECOMPILE_PREFIX_HEADER = YES;
				GCC_PREFIX_HEADER = "MenuReaderApp/MenuReaderApp-Prefix.pch";
				INFOPLIST_FILE = "MenuReaderApp/MenuReaderApp-Info.plist";
				PRODUCT_NAME = "$(TARGET_NAME)";
				WRAPPER_EXTENSION = app;
			};
			name = Release;
		};
		7EA99AE918D8CADF00370E85 /* Debug */ = {
			isa = XCBuildConfiguration;
			buildSettings = {
				BUNDLE_LOADER = "$(BUILT_PRODUCTS_DIR)/MenuReaderApp.app/MenuReaderApp";
				FRAMEWORK_SEARCH_PATHS = (
					"$(SDKROOT)/Developer/Library/Frameworks",
					"$(inherited)",
					"$(DEVELOPER_FRAMEWORKS_DIR)",
				);
				GCC_PRECOMPILE_PREFIX_HEADER = YES;
				GCC_PREFIX_HEADER = "MenuReaderApp/MenuReaderApp-Prefix.pch";
				GCC_PREPROCESSOR_DEFINITIONS = (
					"DEBUG=1",
					"$(inherited)",
				);
				INFOPLIST_FILE = "MenuReaderAppTests/MenuReaderAppTests-Info.plist";
				PRODUCT_NAME = "$(TARGET_NAME)";
				TEST_HOST = "$(BUNDLE_LOADER)";
				WRAPPER_EXTENSION = xctest;
			};
			name = Debug;
		};
		7EA99AEA18D8CADF00370E85 /* Release */ = {
			isa = XCBuildConfiguration;
			buildSettings = {
				BUNDLE_LOADER = "$(BUILT_PRODUCTS_DIR)/MenuReaderApp.app/MenuReaderApp";
				FRAMEWORK_SEARCH_PATHS = (
					"$(SDKROOT)/Developer/Library/Frameworks",
					"$(inherited)",
					"$(DEVELOPER_FRAMEWORKS_DIR)",
				);
				GCC_PRECOMPILE_PREFIX_HEADER = YES;
				GCC_PREFIX_HEADER = "MenuReaderApp/MenuReaderApp-Prefix.pch";
				INFOPLIST_FILE = "MenuReaderAppTests/MenuReaderAppTests-Info.plist";
				PRODUCT_NAME = "$(TARGET_NAME)";
				TEST_HOST = "$(BUNDLE_LOADER)";
				WRAPPER_EXTENSION = xctest;
			};
			name = Release;
		};
/* End XCBuildConfiguration section */

/* Begin XCConfigurationList section */
		7EA99AAE18D8CADE00370E85 /* Build configuration list for PBXProject "Menu Reader" */ = {
			isa = XCConfigurationList;
			buildConfigurations = (
				7EA99AE318D8CADF00370E85 /* Debug */,
				7EA99AE418D8CADF00370E85 /* Release */,
			);
			defaultConfigurationIsVisible = 0;
			defaultConfigurationName = Release;
		};
		7EA99AE518D8CADF00370E85 /* Build configuration list for PBXNativeTarget "Menu Reader" */ = {
			isa = XCConfigurationList;
			buildConfigurations = (
				7EA99AE618D8CADF00370E85 /* Debug */,
				7EA99AE718D8CADF00370E85 /* Release */,
			);
			defaultConfigurationIsVisible = 0;
			defaultConfigurationName = Release;
		};
		7EA99AE818D8CADF00370E85 /* Build configuration list for PBXNativeTarget "MenuReaderAppTests" */ = {
			isa = XCConfigurationList;
			buildConfigurations = (
				7EA99AE918D8CADF00370E85 /* Debug */,
				7EA99AEA18D8CADF00370E85 /* Release */,
			);
			defaultConfigurationIsVisible = 0;
			defaultConfigurationName = Release;
		};
/* End XCConfigurationList section */

/* Begin XCVersionGroup section */
		7EA99ACA18D8CADE00370E85 /* MenuReaderApp.xcdatamodeld */ = {
			isa = XCVersionGroup;
			children = (
				7EA99ACB18D8CADE00370E85 /* MenuReaderApp.xcdatamodel */,
			);
			currentVersion = 7EA99ACB18D8CADE00370E85 /* MenuReaderApp.xcdatamodel */;
			path = MenuReaderApp.xcdatamodeld;
			sourceTree = "<group>";
			versionGroupType = wrapper.xcdatamodel;
		};
/* End XCVersionGroup section */
	};
	rootObject = 7EA99AAB18D8CADE00370E85 /* Project object */;
}
